{
  "name": "@shegit/to-color",
  "version": "1.0.0",
  "lockfileVersion": 3,
  "requires": true,
  "packages": {
    "": {
      "name": "@shegit/to-color",
      "version": "1.0.0",
      "license": "ISC",
      "dependencies": {
        "@shegit/rgb-array-to-obj": "^1.0.0"
      }
    },
    "node_modules/@shegit/rgb-array-to-obj": {
      "version": "1.0.0",
      "resolved": "https://registry.npmjs.org/@shegit/rgb-array-to-obj/-/rgb-array-to-obj-1.0.0.tgz",
      "integrity": "sha512-PgN6XJBMAC2Z8lreQ2KTIttu5X1toInuW580B/iTahxEnLET9j83ZrahEYM82PtR/QK8uAIR7N8MlFpk4y9E7w=="
    }
  }
}
