{
  "name": "shegit",
  "version": "1.0.3",
  "lockfileVersion": 3,
  "requires": true,
  "packages": {
    "": {
      "name": "shegit",
      "version": "1.0.3",
      "license": "ISC",
      "dependencies": {
        "shegit": "^1.0.3"
      },
      "devDependencies": {
        "typescript": "^5.7.2"
      }
    },
    "node_modules/shegit": {
      "version": "1.0.3",
      "resolved": "https://registry.npmjs.org/shegit/-/shegit-1.0.3.tgz",
      "integrity": "sha512-I5ZZTGxi5e3gppFQCTDEMxMC6j5+GCXWCCCR9CDz+0QPr5D6HV6CENJVVzwKjsdjWPphaHT3tTGXEyBK1HyW/A=="
    },
    "node_modules/typescript": {
      "version": "5.7.2",
      "resolved": "https://registry.npmjs.org/typescript/-/typescript-5.7.2.tgz",
      "integrity": "sha512-i5t66RHxDvVN40HfDd1PsEThGNnlMCMT3jMUuoh9/0TaqWevNontacunWyN02LA9/fIbEWlcHZcgTKb9QoaLfg==",
      "dev": true,
      "bin": {
        "tsc": "bin/tsc",
        "tsserver": "bin/tsserver"
      },
      "engines": {
        "node": ">=14.17"
      }
    }
  }
}
