{
  "name": "shegit",
  "version": "1.0.0",
  "lockfileVersion": 3,
  "requires": true,
  "packages": {
    "": {
      "name": "shegit",
      "version": "1.0.0",
      "license": "ISC",
      "dependencies": {
        "shegit": "^1.0.0"
      },
      "engines": {
        "node": ">=4.0.0"
      }
    },
    "node_modules/shegit": {
      "version": "1.0.0",
      "resolved": "https://registry.npmjs.org/shegit/-/shegit-1.0.0.tgz",
      "integrity": "sha512-XAp9uAlj+vaDk8bo58qgnExjyUhhghC8sVE+GU2v1hOUvk2qItlYkn+WE63hyvaGEhWT3bDQ9yjnBipQJR5KkA=="
    }
  }
}
